// !$*UTF8*$!
{
	archiveVersion = 1;
	classes = {
	};
	objectVersion = 50;
	objects = {

/* Begin PBXBuildFile section */
		67D7F3C92636DC4E00FC19C7 /* UI_168App.swift in Sources */ = {isa = PBXBuildFile; fileRef = 67D7F3C82636DC4E00FC19C7 /* UI_168App.swift */; };
		67D7F3CB2636DC4E00FC19C7 /* ContentView.swift in Sources */ = {isa = PBXBuildFile; fileRef = 67D7F3CA2636DC4E00FC19C7 /* ContentView.swift */; };
		67D7F3CD2636DC4F00FC19C7 /* Assets.xcassets in Resources */ = {isa = PBXBuildFile; fileRef = 67D7F3CC2636DC4F00FC19C7 /* Assets.xcassets */; };
		67D7F3D02636DC4F00FC19C7 /* Preview Assets.xcassets in Resources */ = {isa = PBXBuildFile; fileRef = 67D7F3CF2636DC4F00FC19C7 /* Preview Assets.xcassets */; };
		67D7F3DC2636DC9300FC19C7 /* ImagePicker.swift in Sources */ = {isa = PBXBuildFile; fileRef = 67D7F3DB2636DC9300FC19C7 /* ImagePicker.swift */; };
		67D7F3E02636DE8200FC19C7 /* DrawingViewModel.swift in Sources */ = {isa = PBXBuildFile; fileRef = 67D7F3DF2636DE8200FC19C7 /* DrawingViewModel.swift */; };
		67D7F3E32636DEC700FC19C7 /* Home.swift in Sources */ = {isa = PBXBuildFile; fileRef = 67D7F3E22636DEC700FC19C7 /* Home.swift */; };
		67D7F3E62636E17700FC19C7 /* DrawingScreen.swift in Sources */ = {isa = PBXBuildFile; fileRef = 67D7F3E52636E17700FC19C7 /* DrawingScreen.swift */; };
		67D7F3EC2636E6CD00FC19C7 /* TextBox.swift in Sources */ = {isa = PBXBuildFile; fileRef = 67D7F3EB2636E6CD00FC19C7 /* TextBox.swift */; };
/* End PBXBuildFile section */

/* Begin PBXFileReference section */
		67D7F3C52636DC4E00FC19C7 /* UI-168.app */ = {isa = PBXFileReference; explicitFileType = wrapper.application; includeInIndex = 0; path = "UI-168.app"; sourceTree = BUILT_PRODUCTS_DIR; };
		67D7F3C82636DC4E00FC19C7 /* UI_168App.swift */ = {isa = PBXFileReference; lastKnownFileType = sourcecode.swift; path = UI_168App.swift; sourceTree = "<group>"; };
		67D7F3CA2636DC4E00FC19C7 /* ContentView.swift */ = {isa = PBXFileReference; lastKnownFileType = sourcecode.swift; path = ContentView.swift; sourceTree = "<group>"; };
		67D7F3CC2636DC4F00FC19C7 /* Assets.xcassets */ = {isa = PBXFileReference; lastKnownFileType = folder.assetcatalog; path = Assets.xcassets; sourceTree = "<group>"; };
		67D7F3CF2636DC4F00FC19C7 /* Preview Assets.xcassets */ = {isa = PBXFileReference; lastKnownFileType = folder.assetcatalog; path = "Preview Assets.xcassets"; sourceTree = "<group>"; };
		67D7F3D12636DC4F00FC19C7 /* Info.plist */ = {isa = PBXFileReference; lastKnownFileType = text.plist.xml; path = Info.plist; sourceTree = "<group>"; };
		67D7F3DB2636DC9300FC19C7 /* ImagePicker.swift */ = {isa = PBXFileReference; lastKnownFileType = sourcecode.swift; path = ImagePicker.swift; sourceTree = "<group>"; };
		67D7F3DF2636DE8200FC19C7 /* DrawingViewModel.swift */ = {isa = PBXFileReference; lastKnownFileType = sourcecode.swift; path = DrawingViewModel.swift; sourceTree = "<group>"; };
		67D7F3E22636DEC700FC19C7 /* Home.swift */ = {isa = PBXFileReference; lastKnownFileType = sourcecode.swift; path = Home.swift; sourceTree = "<group>"; };
		67D7F3E52636E17700FC19C7 /* DrawingScreen.swift */ = {isa = PBXFileReference; lastKnownFileType = sourcecode.swift; path = DrawingScreen.swift; sourceTree = "<group>"; };
		67D7F3EB2636E6CD00FC19C7 /* TextBox.swift */ = {isa = PBXFileReference; lastKnownFileType = sourcecode.swift; path = TextBox.swift; sourceTree = "<group>"; };
/* End PBXFileReference section */

/* Begin PBXFrameworksBuildPhase section */
		67D7F3C22636DC4E00FC19C7 /* Frameworks */ = {
			isa = PBXFrameworksBuildPhase;
			buildActionMask = 2147483647;
			files = (
			);
			runOnlyForDeploymentPostprocessing = 0;
		};
/* End PBXFrameworksBuildPhase section */

/* Begin PBXGroup section */
		67D7F3BC2636DC4E00FC19C7 = {
			isa = PBXGroup;
			children = (
				67D7F3C72636DC4E00FC19C7 /* UI-168 */,
				67D7F3C62636DC4E00FC19C7 /* Products */,
			);
			sourceTree = "<group>";
		};
		67D7F3C62636DC4E00FC19C7 /* Products */ = {
			isa = PBXGroup;
			children = (
				67D7F3C52636DC4E00FC19C7 /* UI-168.app */,
			);
			name = Products;
			sourceTree = "<group>";
		};
		67D7F3C72636DC4E00FC19C7 /* UI-168 */ = {
			isa = PBXGroup;
			children = (
				67D7F3DA2636DC7C00FC19C7 /* Model */,
				67D7F3D92636DC5A00FC19C7 /* View */,
				67D7F3D82636DC5700FC19C7 /* ViewModel */,
				67D7F3C82636DC4E00FC19C7 /* UI_168App.swift */,
				67D7F3CA2636DC4E00FC19C7 /* ContentView.swift */,
				67D7F3CC2636DC4F00FC19C7 /* Assets.xcassets */,
				67D7F3D12636DC4F00FC19C7 /* Info.plist */,
				67D7F3CE2636DC4F00FC19C7 /* Preview Content */,
			);
			path = "UI-168";
			sourceTree = "<group>";
		};
		67D7F3CE2636DC4F00FC19C7 /* Preview Content */ = {
			isa = PBXGroup;
			children = (
				67D7F3CF2636DC4F00FC19C7 /* Preview Assets.xcassets */,
			);
			path = "Preview Content";
			sourceTree = "<group>";
		};
		67D7F3D82636DC5700FC19C7 /* ViewModel */ = {
			isa = PBXGroup;
			children = (
			);
			path = ViewModel;
			sourceTree = "<group>";
		};
		67D7F3D92636DC5A00FC19C7 /* View */ = {
			isa = PBXGroup;
			children = (
				67D7F3DB2636DC9300FC19C7 /* ImagePicker.swift */,
				67D7F3E22636DEC700FC19C7 /* Home.swift */,
				67D7F3E52636E17700FC19C7 /* DrawingScreen.swift */,
			);
			path = View;
			sourceTree = "<group>";
		};
		67D7F3DA2636DC7C00FC19C7 /* Model */ = {
			isa = PBXGroup;
			children = (
				67D7F3DF2636DE8200FC19C7 /* DrawingViewModel.swift */,
				67D7F3EB2636E6CD00FC19C7 /* TextBox.swift */,
			);
			path = Model;
			sourceTree = "<group>";
		};
/* End PBXGroup section */

/* Begin PBXNativeTarget section */
		67D7F3C42636DC4E00FC19C7 /* UI-168 */ = {
			isa = PBXNativeTarget;
			buildConfigurationList = 67D7F3D42636DC4F00FC19C7 /* Build configuration list for PBXNativeTarget "UI-168" */;
			buildPhases = (
				67D7F3C12636DC4E00FC19C7 /* Sources */,
				67D7F3C22636DC4E00FC19C7 /* Frameworks */,
				67D7F3C32636DC4E00FC19C7 /* Resources */,
			);
			buildRules = (
			);
			dependencies = (
			);
			name = "UI-168";
			productName = "UI-168";
			productReference = 67D7F3C52636DC4E00FC19C7 /* UI-168.app */;
			productType = "com.apple.product-type.application";
		};
/* End PBXNativeTarget section */

/* Begin PBXProject section */
		67D7F3BD2636DC4E00FC19C7 /* Project object */ = {
			isa = PBXProject;
			attributes = {
				LastSwiftUpdateCheck = 1240;
				LastUpgradeCheck = 1240;
				TargetAttributes = {
					67D7F3C42636DC4E00FC19C7 = {
						CreatedOnToolsVersion = 12.4;
					};
				};
			};
			buildConfigurationList = 67D7F3C02636DC4E00FC19C7 /* Build configuration list for PBXProject "UI-168" */;
			compatibilityVersion = "Xcode 9.3";
			developmentRegion = en;
			hasScannedForEncodings = 0;
			knownRegions = (
				en,
				Base,
			);
			mainGroup = 67D7F3BC2636DC4E00FC19C7;
			productRefGroup = 67D7F3C62636DC4E00FC19C7 /* Products */;
			projectDirPath = "";
			projectRoot = "";
			targets = (
				67D7F3C42636DC4E00FC19C7 /* UI-168 */,
			);
		};
/* End PBXProject section */

/* Begin PBXResourcesBuildPhase section */
		67D7F3C32636DC4E00FC19C7 /* Resources */ = {
			isa = PBXResourcesBuildPhase;
			buildActionMask = 2147483647;
			files = (
				67D7F3D02636DC4F00FC19C7 /* Preview Assets.xcassets in Resources */,
				67D7F3CD2636DC4F00FC19C7 /* Assets.xcassets in Resources */,
			);
			runOnlyForDeploymentPostprocessing = 0;
		};
/* End PBXResourcesBuildPhase section */

/* Begin PBXSourcesBuildPhase section */
		67D7F3C12636DC4E00FC19C7 /* Sources */ = {
			isa = PBXSourcesBuildPhase;
			buildActionMask = 2147483647;
			files = (
				67D7F3DC2636DC9300FC19C7 /* ImagePicker.swift in Sources */,
				67D7F3E02636DE8200FC19C7 /* DrawingViewModel.swift in Sources */,
				67D7F3E62636E17700FC19C7 /* DrawingScreen.swift in Sources */,
				67D7F3E32636DEC700FC19C7 /* Home.swift in Sources */,
				67D7F3CB2636DC4E00FC19C7 /* ContentView.swift in Sources */,
				67D7F3EC2636E6CD00FC19C7 /* TextBox.swift in Sources */,
				67D7F3C92636DC4E00FC19C7 /* UI_168App.swift in Sources */,
			);
			runOnlyForDeploymentPostprocessing = 0;
		};
/* End PBXSourcesBuildPhase section */

/* Begin XCBuildConfiguration section */
		67D7F3D22636DC4F00FC19C7 /* Debug */ = {
			isa = XCBuildConfiguration;
			buildSettings = {
				ALWAYS_SEARCH_USER_PATHS = NO;
				CLANG_ANALYZER_NONNULL = YES;
				CLANG_ANALYZER_NUMBER_OBJECT_CONVERSION = YES_AGGRESSIVE;
				CLANG_CXX_LANGUAGE_STANDARD = "gnu++14";
				CLANG_CXX_LIBRARY = "libc++";
				CLANG_ENABLE_MODULES = YES;
				CLANG_ENABLE_OBJC_ARC = YES;
				CLANG_ENABLE_OBJC_WEAK = YES;
				CLANG_WARN_BLOCK_CAPTURE_AUTORELEASING = YES;
				CLANG_WARN_BOOL_CONVERSION = YES;
				CLANG_WARN_COMMA = YES;
				CLANG_WARN_CONSTANT_CONVERSION = YES;
				CLANG_WARN_DEPRECATED_OBJC_IMPLEMENTATIONS = YES;
				CLANG_WARN_DIRECT_OBJC_ISA_USAGE = YES_ERROR;
				CLANG_WARN_DOCUMENTATION_COMMENTS = YES;
				CLANG_WARN_EMPTY_BODY = YES;
				CLANG_WARN_ENUM_CONVERSION = YES;
				CLANG_WARN_INFINITE_RECURSION = YES;
				CLANG_WARN_INT_CONVERSION = YES;
				CLANG_WARN_NON_LITERAL_NULL_CONVERSION = YES;
				CLANG_WARN_OBJC_IMPLICIT_RETAIN_SELF = YES;
				CLANG_WARN_OBJC_LITERAL_CONVERSION = YES;
				CLANG_WARN_OBJC_ROOT_CLASS = YES_ERROR;
				CLANG_WARN_QUOTED_INCLUDE_IN_FRAMEWORK_HEADER = YES;
				CLANG_WARN_RANGE_LOOP_ANALYSIS = YES;
				CLANG_WARN_STRICT_PROTOTYPES = YES;
				CLANG_WARN_SUSPICIOUS_MOVE = YES;
				CLANG_WARN_UNGUARDED_AVAILABILITY = YES_AGGRESSIVE;
				CLANG_WARN_UNREACHABLE_CODE = YES;
				CLANG_WARN__DUPLICATE_METHOD_MATCH = YES;
				COPY_PHASE_STRIP = NO;
				DEBUG_INFORMATION_FORMAT = dwarf;
				ENABLE_STRICT_OBJC_MSGSEND = YES;
				ENABLE_TESTABILITY = YES;
				GCC_C_LANGUAGE_STANDARD = gnu11;
				GCC_DYNAMIC_NO_PIC = NO;
				GCC_NO_COMMON_BLOCKS = YES;
				GCC_OPTIMIZATION_LEVEL = 0;
				GCC_PREPROCESSOR_DEFINITIONS = (
					"DEBUG=1",
					"$(inherited)",
				);
				GCC_WARN_64_TO_32_BIT_CONVERSION = YES;
				GCC_WARN_ABOUT_RETURN_TYPE = YES_ERROR;
				GCC_WARN_UNDECLARED_SELECTOR = YES;
				GCC_WARN_UNINITIALIZED_AUTOS = YES_AGGRESSIVE;
				GCC_WARN_UNUSED_FUNCTION = YES;
				GCC_WARN_UNUSED_VARIABLE = YES;
				IPHONEOS_DEPLOYMENT_TARGET = 14.4;
				MTL_ENABLE_DEBUG_INFO = INCLUDE_SOURCE;
				MTL_FAST_MATH = YES;
				ONLY_ACTIVE_ARCH = YES;
				SDKROOT = iphoneos;
				SWIFT_ACTIVE_COMPILATION_CONDITIONS = DEBUG;
				SWIFT_OPTIMIZATION_LEVEL = "-Onone";
			};
			name = Debug;
		};
		67D7F3D32636DC4F00FC19C7 /* Release */ = {
			isa = XCBuildConfiguration;
			buildSettings = {
				ALWAYS_SEARCH_USER_PATHS = NO;
				CLANG_ANALYZER_NONNULL = YES;
				CLANG_ANALYZER_NUMBER_OBJECT_CONVERSION = YES_AGGRESSIVE;
				CLANG_CXX_LANGUAGE_STANDARD = "gnu++14";
				CLANG_CXX_LIBRARY = "libc++";
				CLANG_ENABLE_MODULES = YES;
				CLANG_ENABLE_OBJC_ARC = YES;
				CLANG_ENABLE_OBJC_WEAK = YES;
				CLANG_WARN_BLOCK_CAPTURE_AUTORELEASING = YES;
				CLANG_WARN_BOOL_CONVERSION = YES;
				CLANG_WARN_COMMA = YES;
				CLANG_WARN_CONSTANT_CONVERSION = YES;
				CLANG_WARN_DEPRECATED_OBJC_IMPLEMENTATIONS = YES;
				CLANG_WARN_DIRECT_OBJC_ISA_USAGE = YES_ERROR;
				CLANG_WARN_DOCUMENTATION_COMMENTS = YES;
				CLANG_WARN_EMPTY_BODY = YES;
				CLANG_WARN_ENUM_CONVERSION = YES;
				CLANG_WARN_INFINITE_RECURSION = YES;
				CLANG_WARN_INT_CONVERSION = YES;
				CLANG_WARN_NON_LITERAL_NULL_CONVERSION = YES;
				CLANG_WARN_OBJC_IMPLICIT_RETAIN_SELF = YES;
				CLANG_WARN_OBJC_LITERAL_CONVERSION = YES;
				CLANG_WARN_OBJC_ROOT_CLASS = YES_ERROR;
				CLANG_WARN_QUOTED_INCLUDE_IN_FRAMEWORK_HEADER = YES;
				CLANG_WARN_RANGE_LOOP_ANALYSIS = YES;
				CLANG_WARN_STRICT_PROTOTYPES = YES;
				CLANG_WARN_SUSPICIOUS_MOVE = YES;
				CLANG_WARN_UNGUARDED_AVAILABILITY = YES_AGGRESSIVE;
				CLANG_WARN_UNREACHABLE_CODE = YES;
				CLANG_WARN__DUPLICATE_METHOD_MATCH = YES;
				COPY_PHASE_STRIP = NO;
				DEBUG_INFORMATION_FORMAT = "dwarf-with-dsym";
				ENABLE_NS_ASSERTIONS = NO;
				ENABLE_STRICT_OBJC_MSGSEND = YES;
				GCC_C_LANGUAGE_STANDARD = gnu11;
				GCC_NO_COMMON_BLOCKS = YES;
				GCC_WARN_64_TO_32_BIT_CONVERSION = YES;
				GCC_WARN_ABOUT_RETURN_TYPE = YES_ERROR;
				GCC_WARN_UNDECLARED_SELECTOR = YES;
				GCC_WARN_UNINITIALIZED_AUTOS = YES_AGGRESSIVE;
				GCC_WARN_UNUSED_FUNCTION = YES;
				GCC_WARN_UNUSED_VARIABLE = YES;
				IPHONEOS_DEPLOYMENT_TARGET = 14.4;
				MTL_ENABLE_DEBUG_INFO = NO;
				MTL_FAST_MATH = YES;
				SDKROOT = iphoneos;
				SWIFT_COMPILATION_MODE = wholemodule;
				SWIFT_OPTIMIZATION_LEVEL = "-O";
				VALIDATE_PRODUCT = YES;
			};
			name = Release;
		};
		67D7F3D52636DC4F00FC19C7 /* Debug */ = {
			isa = XCBuildConfiguration;
			buildSettings = {
				ASSETCATALOG_COMPILER_APPICON_NAME = AppIcon;
				ASSETCATALOG_COMPILER_GLOBAL_ACCENT_COLOR_NAME = AccentColor;
				CODE_SIGN_STYLE = Automatic;
				DEVELOPMENT_ASSET_PATHS = "\"UI-168/Preview Content\"";
				ENABLE_PREVIEWS = YES;
				INFOPLIST_FILE = "UI-168/Info.plist";
				IPHONEOS_DEPLOYMENT_TARGET = 14.0;
				LD_RUNPATH_SEARCH_PATHS = (
					"$(inherited)",
					"@executable_path/Frameworks",
				);
				PRODUCT_BUNDLE_IDENTIFIER = "com.uzu.UI-168";
				PRODUCT_NAME = "$(TARGET_NAME)";
				SWIFT_VERSION = 5.0;
				TARGETED_DEVICE_FAMILY = "1,2";
			};
			name = Debug;
		};
		67D7F3D62636DC4F00FC19C7 /* Release */ = {
			isa = XCBuildConfiguration;
			buildSettings = {
				ASSETCATALOG_COMPILER_APPICON_NAME = AppIcon;
				ASSETCATALOG_COMPILER_GLOBAL_ACCENT_COLOR_NAME = AccentColor;
				CODE_SIGN_STYLE = Automatic;
				DEVELOPMENT_ASSET_PATHS = "\"UI-168/Preview Content\"";
				ENABLE_PREVIEWS = YES;
				INFOPLIST_FILE = "UI-168/Info.plist";
				IPHONEOS_DEPLOYMENT_TARGET = 14.0;
				LD_RUNPATH_SEARCH_PATHS = (
					"$(inherited)",
					"@executable_path/Frameworks",
				);
				PRODUCT_BUNDLE_IDENTIFIER = "com.uzu.UI-168";
				PRODUCT_NAME = "$(TARGET_NAME)";
				SWIFT_VERSION = 5.0;
				TARGETED_DEVICE_FAMILY = "1,2";
			};
			name = Release;
		};
/* End XCBuildConfiguration section */

/* Begin XCConfigurationList section */
		67D7F3C02636DC4E00FC19C7 /* Build configuration list for PBXProject "UI-168" */ = {
			isa = XCConfigurationList;
			buildConfigurations = (
				67D7F3D22636DC4F00FC19C7 /* Debug */,
				67D7F3D32636DC4F00FC19C7 /* Release */,
			);
			defaultConfigurationIsVisible = 0;
			defaultConfigurationName = Release;
		};
		67D7F3D42636DC4F00FC19C7 /* Build configuration list for PBXNativeTarget "UI-168" */ = {
			isa = XCConfigurationList;
			buildConfigurations = (
				67D7F3D52636DC4F00FC19C7 /* Debug */,
				67D7F3D62636DC4F00FC19C7 /* Release */,
			);
			defaultConfigurationIsVisible = 0;
			defaultConfigurationName = Release;
		};
/* End XCConfigurationList section */
	};
	rootObject = 67D7F3BD2636DC4E00FC19C7 /* Project object */;
}
